
Microsoft Visual Studio Solution File, Format Version 12.00
# Visual Studio Version 17
VisualStudioVersion = 17.14.36717.8
MinimumVisualStudioVersion = 10.0.40219.1
Project("{FAE04EC0-301F-11D3-BF4B-00C04F79EFBC}") = "GuimasBurguer2026App", "GuimasBurguer2026App\GuimasBurguer2026App.csproj", "{D06D1BC0-E9A4-4579-A5B6-18871B520ABE}"
EndProject
Global
	GlobalSection(SolutionConfigurationPlatforms) = preSolution
		Debug|Any CPU = Debug|Any CPU
		Release|Any CPU = Release|Any CPU
	EndGlobalSection
	GlobalSection(ProjectConfigurationPlatforms) = postSolution
		{D06D1BC0-E9A4-4579-A5B6-18871B520ABE}.Debug|Any CPU.ActiveCfg = Debug|Any CPU
		{D06D1BC0-E9A4-4579-A5B6-18871B520ABE}.Debug|Any CPU.Build.0 = Debug|Any CPU
		{D06D1BC0-E9A4-4579-A5B6-18871B520ABE}.Release|Any CPU.ActiveCfg = Release|Any CPU
		{D06D1BC0-E9A4-4579-A5B6-18871B520ABE}.Release|Any CPU.Build.0 = Release|Any CPU
	EndGlobalSection
	GlobalSection(SolutionProperties) = preSolution
		HideSolutionNode = FALSE
	EndGlobalSection
	GlobalSection(ExtensibilityGlobals) = postSolution
		SolutionGuid = {4C6A20BB-6B68-4CD7-9B8F-C8A60AFFC2FF}
	EndGlobalSection
EndGlobal
